
Microsoft Visual Studio Solution File, Format Version 12.00
# Visual Studio Version 16
VisualStudioVersion = 16.0.31005.135
MinimumVisualStudioVersion = 10.0.40219.1
Project("{FAE04EC0-301F-11D3-BF4B-00C04F79EFBC}") = "Extract Person Information", "Extract Person Information\Extract Person Information.csproj", "{C16E1B94-B8EA-4629-A9AD-058DF26E942E}"
EndProject
Global
	GlobalSection(SolutionConfigurationPlatforms) = preSolution
		Debug|Any CPU = Debug|Any CPU
		Release|Any CPU = Release|Any CPU
	EndGlobalSection
	GlobalSection(ProjectConfigurationPlatforms) = postSolution
		{C16E1B94-B8EA-4629-A9AD-058DF26E942E}.Debug|Any CPU.ActiveCfg = Debug|Any CPU
		{C16E1B94-B8EA-4629-A9AD-058DF26E942E}.Debug|Any CPU.Build.0 = Debug|Any CPU
		{C16E1B94-B8EA-4629-A9AD-058DF26E942E}.Release|Any CPU.ActiveCfg = Release|Any CPU
		{C16E1B94-B8EA-4629-A9AD-058DF26E942E}.Release|Any CPU.Build.0 = Release|Any CPU
	EndGlobalSection
	GlobalSection(SolutionProperties) = preSolution
		HideSolutionNode = FALSE
	EndGlobalSection
	GlobalSection(ExtensibilityGlobals) = postSolution
		SolutionGuid = {B5D57A59-2315-4797-BD45-86153B22DEDC}
	EndGlobalSection
EndGlobal
